{
  "name": "generador-recetas-llm",
  "lockfileVersion": 3,
  "requires": true,
  "packages": {
    "": {
      "dependencies": {
        "gsap": "^3.15.0",
        "prettier-modals": "^0.1.1"
      }
    },
    "node_modules/gsap": {
      "version": "3.15.0",
      "resolved": "https://registry.npmjs.org/gsap/-/gsap-3.15.0.tgz",
      "integrity": "sha512-dMW4CWBTUK1AEEDeZc1g4xpPGIrSf9fJF960qbTZmN/QwZIWY5wgliS6JWl9/25fpTGJrMRtSjGtOmPnfjZB+A==",
      "license": "Standard 'no charge' license: https://gsap.com/standard-license."
    },
    "node_modules/prettier-modals": {
      "version": "0.1.1",
      "resolved": "https://registry.npmjs.org/prettier-modals/-/prettier-modals-0.1.1.tgz",
      "integrity": "sha512-qUqeXtXOf7d6KtEWx1NdSUzMKrcoaVHafiDJlEUMuC+CvSejpXXaarzZLilX2KxVsfkaOvbSd4KnqOoXSGbbFw==",
      "license": "MIT",
      "peerDependencies": {
        "gsap": ">=3.12"
      }
    }
  }
}
